
Microsoft Visual Studio Solution File, Format Version 12.00
# Visual Studio Version 16
VisualStudioVersion = 16.0.31729.503
MinimumVisualStudioVersion = 10.0.40219.1
Project("{FAE04EC0-301F-11D3-BF4B-00C04F79EFBC}") = "r.io.Model", "r.io.model\r.io.Model.csproj", "{F37B227A-7277-462D-AB8C-2F423F2FE29B}"
EndProject
Global
	GlobalSection(SolutionConfigurationPlatforms) = preSolution
		Debug|Any CPU = Debug|Any CPU
		Release|Any CPU = Release|Any CPU
	EndGlobalSection
	GlobalSection(ProjectConfigurationPlatforms) = postSolution
		{F37B227A-7277-462D-AB8C-2F423F2FE29B}.Debug|Any CPU.ActiveCfg = Debug|Any CPU
		{F37B227A-7277-462D-AB8C-2F423F2FE29B}.Debug|Any CPU.Build.0 = Debug|Any CPU
		{F37B227A-7277-462D-AB8C-2F423F2FE29B}.Release|Any CPU.ActiveCfg = Release|Any CPU
		{F37B227A-7277-462D-AB8C-2F423F2FE29B}.Release|Any CPU.Build.0 = Release|Any CPU
	EndGlobalSection
	GlobalSection(SolutionProperties) = preSolution
		HideSolutionNode = FALSE
	EndGlobalSection
	GlobalSection(ExtensibilityGlobals) = postSolution
		SolutionGuid = {4D10788C-2437-4E11-847D-F9B258CADAB9}
	EndGlobalSection
EndGlobal
